
Microsoft Visual Studio Solution File, Format Version 12.00
# Visual Studio Version 17
VisualStudioVersion = 17.7.34031.279
MinimumVisualStudioVersion = 10.0.40219.1
Project("{8BC9CEB8-8B4A-11D0-8D11-00A0C91BC942}") = "Cam", "Cam.vcxproj", "{F9B3889F-3626-48B1-9109-7283E9AADC09}"
EndProject
Global
	GlobalSection(SolutionConfigurationPlatforms) = preSolution
		Debug|x64 = Debug|x64
		Debug|x86 = Debug|x86
		Release|x64 = Release|x64
		Release|x86 = Release|x86
	EndGlobalSection
	GlobalSection(ProjectConfigurationPlatforms) = postSolution
		{F9B3889F-3626-48B1-9109-7283E9AADC09}.Debug|x64.ActiveCfg = Debug|x64
		{F9B3889F-3626-48B1-9109-7283E9AADC09}.Debug|x64.Build.0 = Debug|x64
		{F9B3889F-3626-48B1-9109-7283E9AADC09}.Debug|x86.ActiveCfg = Debug|Win32
		{F9B3889F-3626-48B1-9109-7283E9AADC09}.Debug|x86.Build.0 = Debug|Win32
		{F9B3889F-3626-48B1-9109-7283E9AADC09}.Release|x64.ActiveCfg = Release|x64
		{F9B3889F-3626-48B1-9109-7283E9AADC09}.Release|x64.Build.0 = Release|x64
		{F9B3889F-3626-48B1-9109-7283E9AADC09}.Release|x86.ActiveCfg = Release|Win32
		{F9B3889F-3626-48B1-9109-7283E9AADC09}.Release|x86.Build.0 = Release|Win32
	EndGlobalSection
	GlobalSection(SolutionProperties) = preSolution
		HideSolutionNode = FALSE
	EndGlobalSection
	GlobalSection(ExtensibilityGlobals) = postSolution
		SolutionGuid = {15A84D78-851F-41C6-B763-FDED474284BD}
	EndGlobalSection
EndGlobal
